
Microsoft Visual Studio Solution File, Format Version 12.00
# Visual Studio Version 16
VisualStudioVersion = 16.0.31624.102
MinimumVisualStudioVersion = 10.0.40219.1
Project("{9A19103F-16F7-4668-BE54-9A1E7A4F7556}") = "SimpleTrader.Domain", "SimpleTrader.Domain\SimpleTrader.Domain.csproj", "{C2C1C274-EB0A-480A-82D0-6AEBC4F5CF5A}"
EndProject
Project("{9A19103F-16F7-4668-BE54-9A1E7A4F7556}") = "SimpleTrader.EntityFramework", "SimpleTrader.EntityFramework\SimpleTrader.EntityFramework.csproj", "{7246BACB-75B2-4AA2-9025-14DFC893DFC5}"
EndProject
Project("{9A19103F-16F7-4668-BE54-9A1E7A4F7556}") = "ConsoleApp1", "ConsoleApp1\ConsoleApp1.csproj", "{D2151E09-B134-453F-B131-96A931D5BFCE}"
EndProject
Project("{9A19103F-16F7-4668-BE54-9A1E7A4F7556}") = "SimpleTrader.WPF", "SimpleTrader.WPF\SimpleTrader.WPF.csproj", "{451A0488-1BC4-460F-B537-2C8F0DF9FA6C}"
EndProject
Project("{9A19103F-16F7-4668-BE54-9A1E7A4F7556}") = "SimpleTrader.FinancialModelingPrepAPI", "SimpleTrader.FinancialModelingPrepAPI\SimpleTrader.FinancialModelingPrepAPI.csproj", "{19B692F9-B1F2-4A06-9AC7-2075D5D844C3}"
EndProject
Project("{FAE04EC0-301F-11D3-BF4B-00C04F79EFBC}") = "SimpleTrader.Domain.Tests", "SimpleTrader.Domain.Tests\SimpleTrader.Domain.Tests.csproj", "{F3D5215B-633B-4EC0-987D-464C2407E5BB}"
EndProject
Global
	GlobalSection(SolutionConfigurationPlatforms) = preSolution
		Debug|Any CPU = Debug|Any CPU
		Release|Any CPU = Release|Any CPU
	EndGlobalSection
	GlobalSection(ProjectConfigurationPlatforms) = postSolution
		{C2C1C274-EB0A-480A-82D0-6AEBC4F5CF5A}.Debug|Any CPU.ActiveCfg = Debug|Any CPU
		{C2C1C274-EB0A-480A-82D0-6AEBC4F5CF5A}.Debug|Any CPU.Build.0 = Debug|Any CPU
		{C2C1C274-EB0A-480A-82D0-6AEBC4F5CF5A}.Release|Any CPU.ActiveCfg = Release|Any CPU
		{C2C1C274-EB0A-480A-82D0-6AEBC4F5CF5A}.Release|Any CPU.Build.0 = Release|Any CPU
		{7246BACB-75B2-4AA2-9025-14DFC893DFC5}.Debug|Any CPU.ActiveCfg = Debug|Any CPU
		{7246BACB-75B2-4AA2-9025-14DFC893DFC5}.Debug|Any CPU.Build.0 = Debug|Any CPU
		{7246BACB-75B2-4AA2-9025-14DFC893DFC5}.Release|Any CPU.ActiveCfg = Release|Any CPU
		{7246BACB-75B2-4AA2-9025-14DFC893DFC5}.Release|Any CPU.Build.0 = Release|Any CPU
		{D2151E09-B134-453F-B131-96A931D5BFCE}.Debug|Any CPU.ActiveCfg = Debug|Any CPU
		{D2151E09-B134-453F-B131-96A931D5BFCE}.Debug|Any CPU.Build.0 = Debug|Any CPU
		{D2151E09-B134-453F-B131-96A931D5BFCE}.Release|Any CPU.ActiveCfg = Release|Any CPU
		{D2151E09-B134-453F-B131-96A931D5BFCE}.Release|Any CPU.Build.0 = Release|Any CPU
		{451A0488-1BC4-460F-B537-2C8F0DF9FA6C}.Debug|Any CPU.ActiveCfg = Debug|Any CPU
		{451A0488-1BC4-460F-B537-2C8F0DF9FA6C}.Debug|Any CPU.Build.0 = Debug|Any CPU
		{451A0488-1BC4-460F-B537-2C8F0DF9FA6C}.Release|Any CPU.ActiveCfg = Release|Any CPU
		{451A0488-1BC4-460F-B537-2C8F0DF9FA6C}.Release|Any CPU.Build.0 = Release|Any CPU
		{19B692F9-B1F2-4A06-9AC7-2075D5D844C3}.Debug|Any CPU.ActiveCfg = Debug|Any CPU
		{19B692F9-B1F2-4A06-9AC7-2075D5D844C3}.Debug|Any CPU.Build.0 = Debug|Any CPU
		{19B692F9-B1F2-4A06-9AC7-2075D5D844C3}.Release|Any CPU.ActiveCfg = Release|Any CPU
		{19B692F9-B1F2-4A06-9AC7-2075D5D844C3}.Release|Any CPU.Build.0 = Release|Any CPU
		{F3D5215B-633B-4EC0-987D-464C2407E5BB}.Debug|Any CPU.ActiveCfg = Debug|Any CPU
		{F3D5215B-633B-4EC0-987D-464C2407E5BB}.Debug|Any CPU.Build.0 = Debug|Any CPU
		{F3D5215B-633B-4EC0-987D-464C2407E5BB}.Release|Any CPU.ActiveCfg = Release|Any CPU
		{F3D5215B-633B-4EC0-987D-464C2407E5BB}.Release|Any CPU.Build.0 = Release|Any CPU
	EndGlobalSection
	GlobalSection(SolutionProperties) = preSolution
		HideSolutionNode = FALSE
	EndGlobalSection
	GlobalSection(ExtensibilityGlobals) = postSolution
		SolutionGuid = {46D8A9E3-8EFC-481F-A91E-46D628A7811A}
	EndGlobalSection
EndGlobal
